
Microsoft Visual Studio Solution File, Format Version 12.00
# Visual Studio 2013
VisualStudioVersion = 12.0.40629.0
MinimumVisualStudioVersion = 10.0.40219.1
Project("{FAE04EC0-301F-11D3-BF4B-00C04F79EFBC}") = "NapierHolidayVillage", "NapierHolidayVillage.csproj", "{40BB945C-5CB2-4BFE-AAE5-13EF10334FBD}"
EndProject
Project("{F088123C-0E9E-452A-89E6-6BA2F21D5CAC}") = "Assessment2", "..\Assessment2\Assessment2.modelproj", "{A10AEF07-EAFD-49E1-B207-F3D32E3DF709}"
EndProject
Project("{FAE04EC0-301F-11D3-BF4B-00C04F79EFBC}") = "BookingTest", "..\BookingTest\BookingTest.csproj", "{9740161C-F9C9-4567-ADAA-847924E7221C}"
EndProject
Global
	GlobalSection(SolutionConfigurationPlatforms) = preSolution
		Debug|Any CPU = Debug|Any CPU
		Release|Any CPU = Release|Any CPU
	EndGlobalSection
	GlobalSection(ProjectConfigurationPlatforms) = postSolution
		{40BB945C-5CB2-4BFE-AAE5-13EF10334FBD}.Debug|Any CPU.ActiveCfg = Debug|Any CPU
		{40BB945C-5CB2-4BFE-AAE5-13EF10334FBD}.Debug|Any CPU.Build.0 = Debug|Any CPU
		{40BB945C-5CB2-4BFE-AAE5-13EF10334FBD}.Release|Any CPU.ActiveCfg = Release|Any CPU
		{40BB945C-5CB2-4BFE-AAE5-13EF10334FBD}.Release|Any CPU.Build.0 = Release|Any CPU
		{A10AEF07-EAFD-49E1-B207-F3D32E3DF709}.Debug|Any CPU.ActiveCfg = Debug|Any CPU
		{A10AEF07-EAFD-49E1-B207-F3D32E3DF709}.Debug|Any CPU.Build.0 = Debug|Any CPU
		{A10AEF07-EAFD-49E1-B207-F3D32E3DF709}.Release|Any CPU.ActiveCfg = Release|Any CPU
		{A10AEF07-EAFD-49E1-B207-F3D32E3DF709}.Release|Any CPU.Build.0 = Release|Any CPU
		{9740161C-F9C9-4567-ADAA-847924E7221C}.Debug|Any CPU.ActiveCfg = Debug|Any CPU
		{9740161C-F9C9-4567-ADAA-847924E7221C}.Debug|Any CPU.Build.0 = Debug|Any CPU
		{9740161C-F9C9-4567-ADAA-847924E7221C}.Release|Any CPU.ActiveCfg = Release|Any CPU
		{9740161C-F9C9-4567-ADAA-847924E7221C}.Release|Any CPU.Build.0 = Release|Any CPU
	EndGlobalSection
	GlobalSection(SolutionProperties) = preSolution
		HideSolutionNode = FALSE
	EndGlobalSection
EndGlobal
